
Microsoft Visual Studio Solution File, Format Version 11.00
# Visual C# Express 2010
Project("{FAE04EC0-301F-11D3-BF4B-00C04F79EFBC}") = "Exit_2R", "Exit_2R\Exit_2R\Exit_2R.csproj", "{DF1FB324-4890-4649-9235-F9101C12EDBF}"
EndProject
Project("{FAE04EC0-301F-11D3-BF4B-00C04F79EFBC}") = "Exit_2RContent", "Exit_2R\Exit_2RContent\Exit_2RContent.contentproj", "{02A23AD9-EA8B-403E-8B97-B41453C3A76F}"
EndProject
Global
	GlobalSection(SolutionConfigurationPlatforms) = preSolution
		Debug|Mixed Platforms = Debug|Mixed Platforms
		Debug|x86 = Debug|x86
		Debug|Xbox 360 = Debug|Xbox 360
		Release|Mixed Platforms = Release|Mixed Platforms
		Release|x86 = Release|x86
		Release|Xbox 360 = Release|Xbox 360
	EndGlobalSection
	GlobalSection(ProjectConfigurationPlatforms) = postSolution
		{DF1FB324-4890-4649-9235-F9101C12EDBF}.Debug|Mixed Platforms.ActiveCfg = Debug|x86
		{DF1FB324-4890-4649-9235-F9101C12EDBF}.Debug|Mixed Platforms.Build.0 = Debug|x86
		{DF1FB324-4890-4649-9235-F9101C12EDBF}.Debug|x86.ActiveCfg = Debug|x86
		{DF1FB324-4890-4649-9235-F9101C12EDBF}.Debug|x86.Build.0 = Debug|x86
		{DF1FB324-4890-4649-9235-F9101C12EDBF}.Debug|Xbox 360.ActiveCfg = Debug|x86
		{DF1FB324-4890-4649-9235-F9101C12EDBF}.Debug|Xbox 360.Build.0 = Debug|x86
		{DF1FB324-4890-4649-9235-F9101C12EDBF}.Release|Mixed Platforms.ActiveCfg = Release|x86
		{DF1FB324-4890-4649-9235-F9101C12EDBF}.Release|Mixed Platforms.Build.0 = Release|x86
		{DF1FB324-4890-4649-9235-F9101C12EDBF}.Release|x86.ActiveCfg = Release|x86
		{DF1FB324-4890-4649-9235-F9101C12EDBF}.Release|x86.Build.0 = Release|x86
		{DF1FB324-4890-4649-9235-F9101C12EDBF}.Release|Xbox 360.ActiveCfg = Release|x86
		{DF1FB324-4890-4649-9235-F9101C12EDBF}.Release|Xbox 360.Build.0 = Release|x86
		{02A23AD9-EA8B-403E-8B97-B41453C3A76F}.Debug|Mixed Platforms.ActiveCfg = Debug|x86
		{02A23AD9-EA8B-403E-8B97-B41453C3A76F}.Debug|x86.ActiveCfg = Debug|x86
		{02A23AD9-EA8B-403E-8B97-B41453C3A76F}.Debug|Xbox 360.ActiveCfg = Debug|x86
		{02A23AD9-EA8B-403E-8B97-B41453C3A76F}.Release|Mixed Platforms.ActiveCfg = Release|x86
		{02A23AD9-EA8B-403E-8B97-B41453C3A76F}.Release|x86.ActiveCfg = Release|x86
		{02A23AD9-EA8B-403E-8B97-B41453C3A76F}.Release|Xbox 360.ActiveCfg = Release|x86
	EndGlobalSection
	GlobalSection(SolutionProperties) = preSolution
		HideSolutionNode = FALSE
	EndGlobalSection
EndGlobal
